# This file was autogenerated by uv via the following command:
#    uv pip compile pyproject.toml -o requirements.lock
annotated-doc==0.0.5
    # via fastapi
annotated-types==0.7.0
    # via pydantic
anyio==4.14.2
    # via
    #   sse-starlette
    #   starlette
    #   watchfiles
certifi==2026.1.4
    # via requests
charset-normalizer==3.4.4
    # via requests
click==8.3.1
    # via
    #   typer
    #   uvicorn
exceptiongroup==1.3.1
    # via anyio
fastapi==0.141.1
    # via howzat (pyproject.toml)
h11==0.16.0
    # via uvicorn
httptools==0.8.0
    # via uvicorn
idna==3.11
    # via
    #   anyio
    #   requests
markdown-it-py==4.0.0
    # via rich
mdurl==0.1.2
    # via markdown-it-py
numpy==2.2.6
    # via
    #   howzat (pyproject.toml)
    #   scipy
pyaudio==0.2.14
    # via howzat (pyproject.toml)
pydantic==2.12.5
    # via
    #   howzat (pyproject.toml)
    #   fastapi
    #   pydantic-settings
pydantic-core==2.41.5
    # via pydantic
pydantic-settings==2.12.0
    # via howzat (pyproject.toml)
pydub==0.25.1
    # via howzat (pyproject.toml)
pygments==2.19.2
    # via rich
pync==2.0.3
    # via howzat (pyproject.toml)
python-dateutil==2.9.0.post0
    # via pync
python-dotenv==1.2.1
    # via
    #   pydantic-settings
    #   uvicorn
python-multipart==0.0.32
    # via howzat (pyproject.toml)
pyyaml==6.0.3
    # via
    #   howzat (pyproject.toml)
    #   uvicorn
requests==2.32.5
    # via howzat (pyproject.toml)
rich==14.2.0
    # via
    #   howzat (pyproject.toml)
    #   typer
scipy==1.15.3
    # via howzat (pyproject.toml)
shellingham==1.5.4
    # via typer
six==1.17.0
    # via python-dateutil
sse-starlette==3.4.11
    # via howzat (pyproject.toml)
starlette==1.6.0
    # via
    #   fastapi
    #   sse-starlette
typer==0.21.1
    # via howzat (pyproject.toml)
typing-extensions==4.15.0
    # via
    #   anyio
    #   exceptiongroup
    #   fastapi
    #   pydantic
    #   pydantic-core
    #   starlette
    #   typer
    #   typing-inspection
    #   uvicorn
typing-inspection==0.4.2
    # via
    #   fastapi
    #   pydantic
    #   pydantic-settings
urllib3==2.6.2
    # via requests
uvicorn==0.52.4
    # via howzat (pyproject.toml)
uvloop==0.22.1
    # via uvicorn
watchfiles==1.2.0
    # via uvicorn
websockets==16.1.1
    # via uvicorn
